
Microsoft Visual Studio Solution File, Format Version 12.00
Project("{FAE04EC0-301F-11D3-BF4B-00C04F79EFBC}") = "multi-client-test", "multi-client-test\multi-client-test.csproj", "{E89582FA-691D-49AA-8114-B6DB879DE5D1}"
EndProject
Global
	GlobalSection(SolutionConfigurationPlatforms) = preSolution
		Debug|Any CPU = Debug|Any CPU
		Release|Any CPU = Release|Any CPU
	EndGlobalSection
	GlobalSection(ProjectConfigurationPlatforms) = postSolution
		{E89582FA-691D-49AA-8114-B6DB879DE5D1}.Debug|Any CPU.ActiveCfg = Debug|Any CPU
		{E89582FA-691D-49AA-8114-B6DB879DE5D1}.Debug|Any CPU.Build.0 = Debug|Any CPU
		{E89582FA-691D-49AA-8114-B6DB879DE5D1}.Release|Any CPU.ActiveCfg = Release|Any CPU
		{E89582FA-691D-49AA-8114-B6DB879DE5D1}.Release|Any CPU.Build.0 = Release|Any CPU
	EndGlobalSection
EndGlobal
