<?xml version="1.0" encoding="utf-8"?>
<Project ToolsVersion="4.0" xmlns="http://schemas.microsoft.com/developer/msbuild/2003">
  <ItemGroup>
    <ClCompile Include="ContextManager.cpp">
      <Filter>src</Filter>
    </ClCompile>
    <ClCompile Include="GroupManager.cpp">
      <Filter>src</Filter>
    </ClCompile>
    <ClCompile Include="HttpStatus.cpp">
      <Filter>src</Filter>
    </ClCompile>
    <ClCompile Include="InternalConnector.cpp">
      <Filter>src</Filter>
    </ClCompile>
    <ClCompile Include="LockstepGroup.cpp">
      <Filter>src</Filter>
    </ClCompile>
    <ClCompile Include="main.cpp">
      <Filter>src</Filter>
    </ClCompile>
    <ClCompile Include="Monitor.cpp">
      <Filter>src</Filter>
    </ClCompile>
    <ClCompile Include="NetworkData.pb.cc">
      <Filter>src</Filter>
    </ClCompile>
    <ClCompile Include="Scheduler.cpp">
      <Filter>src</Filter>
    </ClCompile>
    <ClCompile Include="Server.cpp">
      <Filter>src</Filter>
    </ClCompile>
    <ClCompile Include="Session.cpp">
      <Filter>src</Filter>
    </ClCompile>
    <ClCompile Include="TokenValidator.cpp">
      <Filter>src</Filter>
    </ClCompile>
  </ItemGroup>
  <ItemGroup>
    <ClInclude Include="Base.h">
      <Filter>header</Filter>
    </ClInclude>
    <ClInclude Include="ContextManager.h">
      <Filter>header</Filter>
    </ClInclude>
    <ClInclude Include="GroupManager.h">
      <Filter>header</Filter>
    </ClInclude>
    <ClInclude Include="HttpStatus.h">
      <Filter>header</Filter>
    </ClInclude>
    <ClInclude Include="InternalConnector.h">
      <Filter>header</Filter>
    </ClInclude>
    <ClInclude Include="LockstepGroup.h">
      <Filter>header</Filter>
    </ClInclude>
    <ClInclude Include="Monitor.h">
      <Filter>header</Filter>
    </ClInclude>
    <ClInclude Include="NetworkData.pb.h">
      <Filter>header</Filter>
    </ClInclude>
    <ClInclude Include="PacketProcess.h">
      <Filter>header</Filter>
    </ClInclude>
    <ClInclude Include="Server.h">
      <Filter>header</Filter>
    </ClInclude>
    <ClInclude Include="Scheduler.h">
      <Filter>header</Filter>
    </ClInclude>
    <ClInclude Include="Session.h">
      <Filter>header</Filter>
    </ClInclude>
    <ClInclude Include="TokenValidator.h">
      <Filter>header</Filter>
    </ClInclude>
    <ClInclude Include="Util.h">
      <Filter>header</Filter>
    </ClInclude>
  </ItemGroup>
  <ItemGroup>
    <None Include=".editorconfig" />
    <None Include="InternalId.json" />
  </ItemGroup>
  <ItemGroup>
    <Filter Include="header">
      <UniqueIdentifier>{af678c47-939c-4f29-9692-ab23a99062f1}</UniqueIdentifier>
    </Filter>
    <Filter Include="src">
      <UniqueIdentifier>{11983403-3680-4a33-a68c-edf29cae9174}</UniqueIdentifier>
    </Filter>
  </ItemGroup>
</Project>